
Microsoft Visual Studio Solution File, Format Version 12.00
# Visual Studio Version 17
VisualStudioVersion = 17.1.32228.430
MinimumVisualStudioVersion = 10.0.40219.1
Project("{8BC9CEB8-8B4A-11D0-8D11-00A0C91BC942}") = "01_temporary", "temporary\temporary.vcxproj", "{7DB3D6F0-8A11-44BA-BA4F-23F1A7DFF690}"
EndProject
Project("{8BC9CEB8-8B4A-11D0-8D11-00A0C91BC942}") = "02_move", "move\move.vcxproj", "{868A8E10-349C-4FB4-8AE0-9EB7EEF6437A}"
EndProject
Project("{8BC9CEB8-8B4A-11D0-8D11-00A0C91BC942}") = "03_parameter_passing", "parameter_passing\parameter_passing.vcxproj", "{65A3882F-AA33-4273-A3B5-837183233B7B}"
EndProject
Project("{8BC9CEB8-8B4A-11D0-8D11-00A0C91BC942}") = "04_const_member_function", "const_member_function\const_member_function.vcxproj", "{0E30325D-04B3-42A3-BCF1-EFF645D5894E}"
EndProject
Project("{8BC9CEB8-8B4A-11D0-8D11-00A0C91BC942}") = "05_constructor", "constructor\constructor.vcxproj", "{EB68BDBA-DB78-4C75-A5D5-E1D5193AAD65}"
EndProject
Project("{8BC9CEB8-8B4A-11D0-8D11-00A0C91BC942}") = "06_trivial", "trivial\trivial.vcxproj", "{A1957921-C09E-4C1A-B60D-C965CCC95E49}"
EndProject
Project("{8BC9CEB8-8B4A-11D0-8D11-00A0C91BC942}") = "07_forwarding_reference", "forwarding_reference\forwarding_reference.vcxproj", "{251D68B5-CC4F-45B9-B691-D022B74A9254}"
EndProject
Project("{8BC9CEB8-8B4A-11D0-8D11-00A0C91BC942}") = "08_perfect_forwarding", "perfect_forwarding\perfect_forwarding.vcxproj", "{72DC9E9B-D957-4E4A-8DA9-1649E09C2C1E}"
EndProject
Project("{8BC9CEB8-8B4A-11D0-8D11-00A0C91BC942}") = "09_nullptr", "nullptr\nullptr.vcxproj", "{92DED3ED-596A-4C0B-91B2-EF72C4119257}"
EndProject
Project("{8BC9CEB8-8B4A-11D0-8D11-00A0C91BC942}") = "10_virtual", "virtual\virtual.vcxproj", "{BF2FDF65-6678-4091-A571-32ED8DBE0717}"
EndProject
Project("{8BC9CEB8-8B4A-11D0-8D11-00A0C91BC942}") = "11_lamda", "lamda\lamda.vcxproj", "{FDA1A5F9-3EAF-4381-8938-E6583EB9FD25}"
EndProject
Project("{8BC9CEB8-8B4A-11D0-8D11-00A0C91BC942}") = "12_explicit", "explicit\explicit.vcxproj", "{F1A52AEF-525B-499E-8851-F0E605D68166}"
EndProject
Project("{8BC9CEB8-8B4A-11D0-8D11-00A0C91BC942}") = "13_make", "make\make.vcxproj", "{19073D42-E2BD-40AF-9986-EAFFB08773E5}"
EndProject
Project("{8BC9CEB8-8B4A-11D0-8D11-00A0C91BC942}") = "14_smart_pointer", "smart_pointer\smart_pointer.vcxproj", "{01BF3CF5-CD18-471B-BB81-66A447F7696A}"
EndProject
Global
	GlobalSection(SolutionConfigurationPlatforms) = preSolution
		Debug|x64 = Debug|x64
		Debug|x86 = Debug|x86
		Release|x64 = Release|x64
		Release|x86 = Release|x86
	EndGlobalSection
	GlobalSection(ProjectConfigurationPlatforms) = postSolution
		{7DB3D6F0-8A11-44BA-BA4F-23F1A7DFF690}.Debug|x64.ActiveCfg = Debug|x64
		{7DB3D6F0-8A11-44BA-BA4F-23F1A7DFF690}.Debug|x64.Build.0 = Debug|x64
		{7DB3D6F0-8A11-44BA-BA4F-23F1A7DFF690}.Debug|x86.ActiveCfg = Debug|Win32
		{7DB3D6F0-8A11-44BA-BA4F-23F1A7DFF690}.Debug|x86.Build.0 = Debug|Win32
		{7DB3D6F0-8A11-44BA-BA4F-23F1A7DFF690}.Release|x64.ActiveCfg = Release|x64
		{7DB3D6F0-8A11-44BA-BA4F-23F1A7DFF690}.Release|x64.Build.0 = Release|x64
		{7DB3D6F0-8A11-44BA-BA4F-23F1A7DFF690}.Release|x86.ActiveCfg = Release|Win32
		{7DB3D6F0-8A11-44BA-BA4F-23F1A7DFF690}.Release|x86.Build.0 = Release|Win32
		{868A8E10-349C-4FB4-8AE0-9EB7EEF6437A}.Debug|x64.ActiveCfg = Debug|x64
		{868A8E10-349C-4FB4-8AE0-9EB7EEF6437A}.Debug|x64.Build.0 = Debug|x64
		{868A8E10-349C-4FB4-8AE0-9EB7EEF6437A}.Debug|x86.ActiveCfg = Debug|Win32
		{868A8E10-349C-4FB4-8AE0-9EB7EEF6437A}.Debug|x86.Build.0 = Debug|Win32
		{868A8E10-349C-4FB4-8AE0-9EB7EEF6437A}.Release|x64.ActiveCfg = Release|x64
		{868A8E10-349C-4FB4-8AE0-9EB7EEF6437A}.Release|x64.Build.0 = Release|x64
		{868A8E10-349C-4FB4-8AE0-9EB7EEF6437A}.Release|x86.ActiveCfg = Release|Win32
		{868A8E10-349C-4FB4-8AE0-9EB7EEF6437A}.Release|x86.Build.0 = Release|Win32
		{65A3882F-AA33-4273-A3B5-837183233B7B}.Debug|x64.ActiveCfg = Debug|x64
		{65A3882F-AA33-4273-A3B5-837183233B7B}.Debug|x64.Build.0 = Debug|x64
		{65A3882F-AA33-4273-A3B5-837183233B7B}.Debug|x86.ActiveCfg = Debug|Win32
		{65A3882F-AA33-4273-A3B5-837183233B7B}.Debug|x86.Build.0 = Debug|Win32
		{65A3882F-AA33-4273-A3B5-837183233B7B}.Release|x64.ActiveCfg = Release|x64
		{65A3882F-AA33-4273-A3B5-837183233B7B}.Release|x64.Build.0 = Release|x64
		{65A3882F-AA33-4273-A3B5-837183233B7B}.Release|x86.ActiveCfg = Release|Win32
		{65A3882F-AA33-4273-A3B5-837183233B7B}.Release|x86.Build.0 = Release|Win32
		{0E30325D-04B3-42A3-BCF1-EFF645D5894E}.Debug|x64.ActiveCfg = Debug|x64
		{0E30325D-04B3-42A3-BCF1-EFF645D5894E}.Debug|x64.Build.0 = Debug|x64
		{0E30325D-04B3-42A3-BCF1-EFF645D5894E}.Debug|x86.ActiveCfg = Debug|Win32
		{0E30325D-04B3-42A3-BCF1-EFF645D5894E}.Debug|x86.Build.0 = Debug|Win32
		{0E30325D-04B3-42A3-BCF1-EFF645D5894E}.Release|x64.ActiveCfg = Release|x64
		{0E30325D-04B3-42A3-BCF1-EFF645D5894E}.Release|x64.Build.0 = Release|x64
		{0E30325D-04B3-42A3-BCF1-EFF645D5894E}.Release|x86.ActiveCfg = Release|Win32
		{0E30325D-04B3-42A3-BCF1-EFF645D5894E}.Release|x86.Build.0 = Release|Win32
		{EB68BDBA-DB78-4C75-A5D5-E1D5193AAD65}.Debug|x64.ActiveCfg = Debug|x64
		{EB68BDBA-DB78-4C75-A5D5-E1D5193AAD65}.Debug|x64.Build.0 = Debug|x64
		{EB68BDBA-DB78-4C75-A5D5-E1D5193AAD65}.Debug|x86.ActiveCfg = Debug|Win32
		{EB68BDBA-DB78-4C75-A5D5-E1D5193AAD65}.Debug|x86.Build.0 = Debug|Win32
		{EB68BDBA-DB78-4C75-A5D5-E1D5193AAD65}.Release|x64.ActiveCfg = Release|x64
		{EB68BDBA-DB78-4C75-A5D5-E1D5193AAD65}.Release|x64.Build.0 = Release|x64
		{EB68BDBA-DB78-4C75-A5D5-E1D5193AAD65}.Release|x86.ActiveCfg = Release|Win32
		{EB68BDBA-DB78-4C75-A5D5-E1D5193AAD65}.Release|x86.Build.0 = Release|Win32
		{A1957921-C09E-4C1A-B60D-C965CCC95E49}.Debug|x64.ActiveCfg = Debug|x64
		{A1957921-C09E-4C1A-B60D-C965CCC95E49}.Debug|x64.Build.0 = Debug|x64
		{A1957921-C09E-4C1A-B60D-C965CCC95E49}.Debug|x86.ActiveCfg = Debug|Win32
		{A1957921-C09E-4C1A-B60D-C965CCC95E49}.Debug|x86.Build.0 = Debug|Win32
		{A1957921-C09E-4C1A-B60D-C965CCC95E49}.Release|x64.ActiveCfg = Release|x64
		{A1957921-C09E-4C1A-B60D-C965CCC95E49}.Release|x64.Build.0 = Release|x64
		{A1957921-C09E-4C1A-B60D-C965CCC95E49}.Release|x86.ActiveCfg = Release|Win32
		{A1957921-C09E-4C1A-B60D-C965CCC95E49}.Release|x86.Build.0 = Release|Win32
		{251D68B5-CC4F-45B9-B691-D022B74A9254}.Debug|x64.ActiveCfg = Debug|x64
		{251D68B5-CC4F-45B9-B691-D022B74A9254}.Debug|x64.Build.0 = Debug|x64
		{251D68B5-CC4F-45B9-B691-D022B74A9254}.Debug|x86.ActiveCfg = Debug|Win32
		{251D68B5-CC4F-45B9-B691-D022B74A9254}.Debug|x86.Build.0 = Debug|Win32
		{251D68B5-CC4F-45B9-B691-D022B74A9254}.Release|x64.ActiveCfg = Release|x64
		{251D68B5-CC4F-45B9-B691-D022B74A9254}.Release|x64.Build.0 = Release|x64
		{251D68B5-CC4F-45B9-B691-D022B74A9254}.Release|x86.ActiveCfg = Release|Win32
		{251D68B5-CC4F-45B9-B691-D022B74A9254}.Release|x86.Build.0 = Release|Win32
		{72DC9E9B-D957-4E4A-8DA9-1649E09C2C1E}.Debug|x64.ActiveCfg = Debug|x64
		{72DC9E9B-D957-4E4A-8DA9-1649E09C2C1E}.Debug|x64.Build.0 = Debug|x64
		{72DC9E9B-D957-4E4A-8DA9-1649E09C2C1E}.Debug|x86.ActiveCfg = Debug|Win32
		{72DC9E9B-D957-4E4A-8DA9-1649E09C2C1E}.Debug|x86.Build.0 = Debug|Win32
		{72DC9E9B-D957-4E4A-8DA9-1649E09C2C1E}.Release|x64.ActiveCfg = Release|x64
		{72DC9E9B-D957-4E4A-8DA9-1649E09C2C1E}.Release|x64.Build.0 = Release|x64
		{72DC9E9B-D957-4E4A-8DA9-1649E09C2C1E}.Release|x86.ActiveCfg = Release|Win32
		{72DC9E9B-D957-4E4A-8DA9-1649E09C2C1E}.Release|x86.Build.0 = Release|Win32
		{92DED3ED-596A-4C0B-91B2-EF72C4119257}.Debug|x64.ActiveCfg = Debug|x64
		{92DED3ED-596A-4C0B-91B2-EF72C4119257}.Debug|x64.Build.0 = Debug|x64
		{92DED3ED-596A-4C0B-91B2-EF72C4119257}.Debug|x86.ActiveCfg = Debug|Win32
		{92DED3ED-596A-4C0B-91B2-EF72C4119257}.Debug|x86.Build.0 = Debug|Win32
		{92DED3ED-596A-4C0B-91B2-EF72C4119257}.Release|x64.ActiveCfg = Release|x64
		{92DED3ED-596A-4C0B-91B2-EF72C4119257}.Release|x64.Build.0 = Release|x64
		{92DED3ED-596A-4C0B-91B2-EF72C4119257}.Release|x86.ActiveCfg = Release|Win32
		{92DED3ED-596A-4C0B-91B2-EF72C4119257}.Release|x86.Build.0 = Release|Win32
		{BF2FDF65-6678-4091-A571-32ED8DBE0717}.Debug|x64.ActiveCfg = Debug|x64
		{BF2FDF65-6678-4091-A571-32ED8DBE0717}.Debug|x64.Build.0 = Debug|x64
		{BF2FDF65-6678-4091-A571-32ED8DBE0717}.Debug|x86.ActiveCfg = Debug|Win32
		{BF2FDF65-6678-4091-A571-32ED8DBE0717}.Debug|x86.Build.0 = Debug|Win32
		{BF2FDF65-6678-4091-A571-32ED8DBE0717}.Release|x64.ActiveCfg = Release|x64
		{BF2FDF65-6678-4091-A571-32ED8DBE0717}.Release|x64.Build.0 = Release|x64
		{BF2FDF65-6678-4091-A571-32ED8DBE0717}.Release|x86.ActiveCfg = Release|Win32
		{BF2FDF65-6678-4091-A571-32ED8DBE0717}.Release|x86.Build.0 = Release|Win32
		{FDA1A5F9-3EAF-4381-8938-E6583EB9FD25}.Debug|x64.ActiveCfg = Debug|x64
		{FDA1A5F9-3EAF-4381-8938-E6583EB9FD25}.Debug|x64.Build.0 = Debug|x64
		{FDA1A5F9-3EAF-4381-8938-E6583EB9FD25}.Debug|x86.ActiveCfg = Debug|Win32
		{FDA1A5F9-3EAF-4381-8938-E6583EB9FD25}.Debug|x86.Build.0 = Debug|Win32
		{FDA1A5F9-3EAF-4381-8938-E6583EB9FD25}.Release|x64.ActiveCfg = Release|x64
		{FDA1A5F9-3EAF-4381-8938-E6583EB9FD25}.Release|x64.Build.0 = Release|x64
		{FDA1A5F9-3EAF-4381-8938-E6583EB9FD25}.Release|x86.ActiveCfg = Release|Win32
		{FDA1A5F9-3EAF-4381-8938-E6583EB9FD25}.Release|x86.Build.0 = Release|Win32
		{F1A52AEF-525B-499E-8851-F0E605D68166}.Debug|x64.ActiveCfg = Debug|x64
		{F1A52AEF-525B-499E-8851-F0E605D68166}.Debug|x64.Build.0 = Debug|x64
		{F1A52AEF-525B-499E-8851-F0E605D68166}.Debug|x86.ActiveCfg = Debug|Win32
		{F1A52AEF-525B-499E-8851-F0E605D68166}.Debug|x86.Build.0 = Debug|Win32
		{F1A52AEF-525B-499E-8851-F0E605D68166}.Release|x64.ActiveCfg = Release|x64
		{F1A52AEF-525B-499E-8851-F0E605D68166}.Release|x64.Build.0 = Release|x64
		{F1A52AEF-525B-499E-8851-F0E605D68166}.Release|x86.ActiveCfg = Release|Win32
		{F1A52AEF-525B-499E-8851-F0E605D68166}.Release|x86.Build.0 = Release|Win32
		{19073D42-E2BD-40AF-9986-EAFFB08773E5}.Debug|x64.ActiveCfg = Debug|x64
		{19073D42-E2BD-40AF-9986-EAFFB08773E5}.Debug|x64.Build.0 = Debug|x64
		{19073D42-E2BD-40AF-9986-EAFFB08773E5}.Debug|x86.ActiveCfg = Debug|Win32
		{19073D42-E2BD-40AF-9986-EAFFB08773E5}.Debug|x86.Build.0 = Debug|Win32
		{19073D42-E2BD-40AF-9986-EAFFB08773E5}.Release|x64.ActiveCfg = Release|x64
		{19073D42-E2BD-40AF-9986-EAFFB08773E5}.Release|x64.Build.0 = Release|x64
		{19073D42-E2BD-40AF-9986-EAFFB08773E5}.Release|x86.ActiveCfg = Release|Win32
		{19073D42-E2BD-40AF-9986-EAFFB08773E5}.Release|x86.Build.0 = Release|Win32
		{01BF3CF5-CD18-471B-BB81-66A447F7696A}.Debug|x64.ActiveCfg = Debug|x64
		{01BF3CF5-CD18-471B-BB81-66A447F7696A}.Debug|x64.Build.0 = Debug|x64
		{01BF3CF5-CD18-471B-BB81-66A447F7696A}.Debug|x86.ActiveCfg = Debug|Win32
		{01BF3CF5-CD18-471B-BB81-66A447F7696A}.Debug|x86.Build.0 = Debug|Win32
		{01BF3CF5-CD18-471B-BB81-66A447F7696A}.Release|x64.ActiveCfg = Release|x64
		{01BF3CF5-CD18-471B-BB81-66A447F7696A}.Release|x64.Build.0 = Release|x64
		{01BF3CF5-CD18-471B-BB81-66A447F7696A}.Release|x86.ActiveCfg = Release|Win32
		{01BF3CF5-CD18-471B-BB81-66A447F7696A}.Release|x86.Build.0 = Release|Win32
	EndGlobalSection
	GlobalSection(SolutionProperties) = preSolution
		HideSolutionNode = FALSE
	EndGlobalSection
	GlobalSection(ExtensibilityGlobals) = postSolution
		SolutionGuid = {C67ADA02-F14C-40CC-AF5C-4144058D11ED}
	EndGlobalSection
EndGlobal
